
Microsoft Visual Studio Solution File, Format Version 12.00
# Visual Studio 15
VisualStudioVersion = 15.0.27004.2008
MinimumVisualStudioVersion = 10.0.40219.1
Project("{FAE04EC0-301F-11D3-BF4B-00C04F79EFBC}") = "PluralsightPrismDemo.Infrastructure", "Src\PluralsightPrismDemo.Infrastructure\PluralsightPrismDemo.Infrastructure.csproj", "{C2A48AD4-B016-449D-8C94-53D5B98951FC}"
EndProject
Project("{FAE04EC0-301F-11D3-BF4B-00C04F79EFBC}") = "PluralsightPrismDemo", "Src\PluralsightPrismDemo\PluralsightPrismDemo.csproj", "{9944801D-261A-4FD4-AB63-832FB8052AC7}"
EndProject
Project("{2150E333-8FDC-42A3-9474-1A3956D46DE8}") = "Business", "Business", "{B397F3EF-91A3-4C77-9362-E46C1CDFE695}"
EndProject
Project("{2150E333-8FDC-42A3-9474-1A3956D46DE8}") = "Modules", "Modules", "{1B453AA8-BDB4-4930-B7FB-FDA138C4D22E}"
EndProject
Global
	GlobalSection(SolutionConfigurationPlatforms) = preSolution
		Debug|Any CPU = Debug|Any CPU
		Release|Any CPU = Release|Any CPU
	EndGlobalSection
	GlobalSection(ProjectConfigurationPlatforms) = postSolution
		{C2A48AD4-B016-449D-8C94-53D5B98951FC}.Debug|Any CPU.ActiveCfg = Debug|Any CPU
		{C2A48AD4-B016-449D-8C94-53D5B98951FC}.Debug|Any CPU.Build.0 = Debug|Any CPU
		{C2A48AD4-B016-449D-8C94-53D5B98951FC}.Release|Any CPU.ActiveCfg = Release|Any CPU
		{C2A48AD4-B016-449D-8C94-53D5B98951FC}.Release|Any CPU.Build.0 = Release|Any CPU
		{9944801D-261A-4FD4-AB63-832FB8052AC7}.Debug|Any CPU.ActiveCfg = Debug|Any CPU
		{9944801D-261A-4FD4-AB63-832FB8052AC7}.Debug|Any CPU.Build.0 = Debug|Any CPU
		{9944801D-261A-4FD4-AB63-832FB8052AC7}.Release|Any CPU.ActiveCfg = Release|Any CPU
		{9944801D-261A-4FD4-AB63-832FB8052AC7}.Release|Any CPU.Build.0 = Release|Any CPU
	EndGlobalSection
	GlobalSection(SolutionProperties) = preSolution
		HideSolutionNode = FALSE
	EndGlobalSection
	GlobalSection(ExtensibilityGlobals) = postSolution
		SolutionGuid = {5DB45371-C205-47C0-873F-BCE979EE9A78}
	EndGlobalSection
EndGlobal
